{
  "nodes": {
    "emacs-overlay": {
      "inputs": {
        "flake-utils": "flake-utils",
        "nixpkgs": [
          "nixpkgs"
        ],
        "nixpkgs-stable": [
          "nixpkgs"
        ]
      },
      "locked": {
        "lastModified": 1708247084,
        "narHash": "sha256-8zeIDnhXEfQ7z4EmdsgBzR9gzfqcXbm30W2PvxpbUdM=",
        "owner": "nix-community",
        "repo": "emacs-overlay",
        "rev": "4337f34dae4a0dc33539852a0e4a52d78605ac81",
        "type": "github"
      },
      "original": {
        "owner": "nix-community",
        "repo": "emacs-overlay",
        "type": "github"
      }
    },
    "flake-utils": {
      "inputs": {
        "systems": "systems"
      },
      "locked": {
        "lastModified": 1705309234,
        "narHash": "sha256-uNRRNRKmJyCRC/8y1RqBkqWBLM034y4qN7EprSdmgyA=",
        "owner": "numtide",
        "repo": "flake-utils",
        "rev": "1ef2e671c3b0c19053962c07dbda38332dcebf26",
        "type": "github"
      },
      "original": {
        "owner": "numtide",
        "repo": "flake-utils",
        "type": "github"
      }
    },
    "home-manager": {
      "inputs": {
        "nixpkgs": [
          "nixpkgs"
        ]
      },
      "locked": {
        "lastModified": 1708031129,
        "narHash": "sha256-EH20hJfNnc1/ODdDVat9B7aKm0B95L3YtkIRwKLvQG8=",
        "owner": "nix-community",
        "repo": "home-manager",
        "rev": "3d6791b3897b526c82920a2ab5f61d71985b3cf8",
        "type": "github"
      },
      "original": {
        "owner": "nix-community",
        "repo": "home-manager",
        "type": "github"
      }
    },
    "nixpkgs": {
      "locked": {
        "lastModified": 1708214945,
        "narHash": "sha256-LwP/lKuPasVLqUX+XFf6DbW4BWmM7o5K5unx/dXCJWY=",
        "owner": "nixos",
        "repo": "nixpkgs",
        "rev": "e015f24e508c549ab2ab2ad74dcdad3ae07513fe",
        "type": "github"
      },
      "original": {
        "owner": "nixos",
        "ref": "nixpkgs-unstable",
        "repo": "nixpkgs",
        "type": "github"
      }
    },
    "privateConfig": {
      "flake": false,
      "locked": {
        "lastModified": 1664188739,
        "narHash": "sha256-eUb0ZB4BozAz4MA7bamEtFl2o+MptXDUKuEcmVOPHW0=",
        "ref": "refs/heads/master",
        "rev": "c36e6c6b774610a3b56e1d838c44b219d0b923f1",
        "revCount": 12,
        "type": "git",
        "url": "ssh://git@github.com/kenranunderscore/private-config"
      },
      "original": {
        "type": "git",
        "url": "ssh://git@github.com/kenranunderscore/private-config"
      }
    },
    "root": {
      "inputs": {
        "emacs-overlay": "emacs-overlay",
        "home-manager": "home-manager",
        "nixpkgs": "nixpkgs",
        "privateConfig": "privateConfig",
        "sf-mono": "sf-mono",
        "twilio-sans-mono": "twilio-sans-mono",
        "zsh-autopair": "zsh-autopair",
        "zsh-autosuggestions": "zsh-autosuggestions",
        "zsh-history-substring-search": "zsh-history-substring-search",
        "zsh-syntax-highlighting": "zsh-syntax-highlighting"
      }
    },
    "sf-mono": {
      "flake": false,
      "locked": {
        "lastModified": 1528395704,
        "narHash": "sha256-3wG3M4Qep7MYjktzX9u8d0iDWa17FSXYnObSoTG2I/o=",
        "owner": "supercomputra",
        "repo": "sf-mono-font",
        "rev": "1409ae79074d204c284507fef9e479248d5367c1",
        "type": "github"
      },
      "original": {
        "owner": "supercomputra",
        "repo": "sf-mono-font",
        "type": "github"
      }
    },
    "systems": {
      "locked": {
        "lastModified": 1681028828,
        "narHash": "sha256-Vy1rq5AaRuLzOxct8nz4T6wlgyUR7zLU309k9mBC768=",
        "owner": "nix-systems",
        "repo": "default",
        "rev": "da67096a3b9bf56a91d16901293e51ba5b49a27e",
        "type": "github"
      },
      "original": {
        "owner": "nix-systems",
        "repo": "default",
        "type": "github"
      }
    },
    "twilio-sans-mono": {
      "flake": false,
      "locked": {
        "lastModified": 1668721927,
        "narHash": "sha256-qAo/CNxe8dTuA4fH0ifJP/2SkzX6IOjF/Z4PWzS7H3M=",
        "owner": "twilio",
        "repo": "twilio-sans-mono",
        "rev": "6bb29c96842f19a533401e6266fdfdd813dcf3e4",
        "type": "github"
      },
      "original": {
        "owner": "twilio",
        "repo": "twilio-sans-mono",
        "type": "github"
      }
    },
    "zsh-autopair": {
      "flake": false,
      "locked": {
        "lastModified": 1664801964,
        "narHash": "sha256-PXHxPxFeoYXYMOC29YQKDdMnqTO0toyA7eJTSCV6PGE=",
        "owner": "hlissner",
        "repo": "zsh-autopair",
        "rev": "396c38a7468458ba29011f2ad4112e4fd35f78e6",
        "type": "github"
      },
      "original": {
        "owner": "hlissner",
        "repo": "zsh-autopair",
        "type": "github"
      }
    },
    "zsh-autosuggestions": {
      "flake": false,
      "locked": {
        "lastModified": 1694098728,
        "narHash": "sha256-B+Kz3B7d97CM/3ztpQyVkE6EfMipVF8Y4HJNfSRXHtU=",
        "owner": "zsh-users",
        "repo": "zsh-autosuggestions",
        "rev": "c3d4e576c9c86eac62884bd47c01f6faed043fc5",
        "type": "github"
      },
      "original": {
        "owner": "zsh-users",
        "repo": "zsh-autosuggestions",
        "type": "github"
      }
    },
    "zsh-history-substring-search": {
      "flake": false,
      "locked": {
        "lastModified": 1700734334,
        "narHash": "sha256-houujb1CrRTjhCc+dp3PRHALvres1YylgxXwjjK6VZA=",
        "owner": "zsh-users",
        "repo": "zsh-history-substring-search",
        "rev": "8dd05bfcc12b0cd1ee9ea64be725b3d9f713cf64",
        "type": "github"
      },
      "original": {
        "owner": "zsh-users",
        "repo": "zsh-history-substring-search",
        "type": "github"
      }
    },
    "zsh-syntax-highlighting": {
      "flake": false,
      "locked": {
        "lastModified": 1704566212,
        "narHash": "sha256-4rW2N+ankAH4sA6Sa5mr9IKsdAg7WTgrmyqJ2V1vygQ=",
        "owner": "zsh-users",
        "repo": "zsh-syntax-highlighting",
        "rev": "e0165eaa730dd0fa321a6a6de74f092fe87630b0",
        "type": "github"
      },
      "original": {
        "owner": "zsh-users",
        "repo": "zsh-syntax-highlighting",
        "type": "github"
      }
    }
  },
  "root": "root",
  "version": 7
}
