{
  "nodes": {
    "emacs-overlay": {
      "inputs": {
        "flake-utils": "flake-utils",
        "nixpkgs": [
          "nixpkgs"
        ]
      },
      "locked": {
        "lastModified": 1682846727,
        "narHash": "sha256-efEp8ziqbj/tdd46qRpaSf7elgNJ48W3x5xLiWRDDAE=",
        "owner": "nix-community",
        "repo": "emacs-overlay",
        "rev": "0b6c10ab19e79fd85c1bb3ea29c38eb5db464e0c",
        "type": "github"
      },
      "original": {
        "owner": "nix-community",
        "repo": "emacs-overlay",
        "type": "github"
      }
    },
    "flake-compat": {
      "flake": false,
      "locked": {
        "lastModified": 1673956053,
        "narHash": "sha256-4gtG9iQuiKITOjNQQeQIpoIB6b16fm+504Ch3sNKLd8=",
        "owner": "edolstra",
        "repo": "flake-compat",
        "rev": "35bb57c0c8d8b62bbfd284272c928ceb64ddbde9",
        "type": "github"
      },
      "original": {
        "owner": "edolstra",
        "repo": "flake-compat",
        "type": "github"
      }
    },
    "flake-utils": {
      "locked": {
        "lastModified": 1667395993,
        "narHash": "sha256-nuEHfE/LcWyuSWnS8t12N1wc105Qtau+/OdUAjtQ0rA=",
        "owner": "numtide",
        "repo": "flake-utils",
        "rev": "5aed5285a952e0b949eb3ba02c12fa4fcfef535f",
        "type": "github"
      },
      "original": {
        "owner": "numtide",
        "repo": "flake-utils",
        "type": "github"
      }
    },
    "flake-utils_2": {
      "locked": {
        "lastModified": 1667395993,
        "narHash": "sha256-nuEHfE/LcWyuSWnS8t12N1wc105Qtau+/OdUAjtQ0rA=",
        "owner": "numtide",
        "repo": "flake-utils",
        "rev": "5aed5285a952e0b949eb3ba02c12fa4fcfef535f",
        "type": "github"
      },
      "original": {
        "owner": "numtide",
        "repo": "flake-utils",
        "type": "github"
      }
    },
    "home-manager": {
      "inputs": {
        "nixpkgs": [
          "nixpkgs"
        ]
      },
      "locked": {
        "lastModified": 1682779989,
        "narHash": "sha256-H8AjcIBYFYrlRobYJ+n1B+ZJ6TsaaeZpuLn4iRqVvr4=",
        "owner": "nix-community",
        "repo": "home-manager",
        "rev": "3144311f31194b537808ae6848f86f3dbf977d59",
        "type": "github"
      },
      "original": {
        "owner": "nix-community",
        "repo": "home-manager",
        "type": "github"
      }
    },
    "neovim-flake": {
      "inputs": {
        "flake-utils": "flake-utils_2",
        "nixpkgs": [
          "neovim-overlay",
          "nixpkgs"
        ]
      },
      "locked": {
        "dir": "contrib",
        "lastModified": 1682829601,
        "narHash": "sha256-uARJPcDqqjIiGozgIZrV07nxSIVU1D5pz3UExJmxkYE=",
        "owner": "neovim",
        "repo": "neovim",
        "rev": "fa20c12ba358066858d1d2cd20d21316fe4b467b",
        "type": "github"
      },
      "original": {
        "dir": "contrib",
        "owner": "neovim",
        "repo": "neovim",
        "type": "github"
      }
    },
    "neovim-overlay": {
      "inputs": {
        "flake-compat": "flake-compat",
        "neovim-flake": "neovim-flake",
        "nixpkgs": [
          "nixpkgs"
        ]
      },
      "locked": {
        "lastModified": 1682842314,
        "narHash": "sha256-0+Co6bCq6G1IM2IxY2zj/TSlmEk7VhtKnZdV41IkK1A=",
        "owner": "nix-community",
        "repo": "neovim-nightly-overlay",
        "rev": "e33a45a398694d15e6947472f9559f90b97bd5f4",
        "type": "github"
      },
      "original": {
        "owner": "nix-community",
        "repo": "neovim-nightly-overlay",
        "type": "github"
      }
    },
    "nixpkgs": {
      "locked": {
        "lastModified": 1682692304,
        "narHash": "sha256-9/lyXN2BpHw+1xE+D2ySBSLMCHWqiWu5tPHBMRDib8M=",
        "owner": "nixos",
        "repo": "nixpkgs",
        "rev": "937a9d1ee7b1351d8c55fff6611a8edf6e7c1c37",
        "type": "github"
      },
      "original": {
        "owner": "nixos",
        "ref": "nixos-unstable",
        "repo": "nixpkgs",
        "type": "github"
      }
    },
    "privateConfig": {
      "flake": false,
      "locked": {
        "lastModified": 1664188739,
        "narHash": "sha256-eUb0ZB4BozAz4MA7bamEtFl2o+MptXDUKuEcmVOPHW0=",
        "ref": "refs/heads/master",
        "rev": "c36e6c6b774610a3b56e1d838c44b219d0b923f1",
        "revCount": 12,
        "type": "git",
        "url": "ssh://git@github.com/kenranunderscore/private-config"
      },
      "original": {
        "type": "git",
        "url": "ssh://git@github.com/kenranunderscore/private-config"
      }
    },
    "root": {
      "inputs": {
        "emacs-overlay": "emacs-overlay",
        "home-manager": "home-manager",
        "neovim-overlay": "neovim-overlay",
        "nixpkgs": "nixpkgs",
        "privateConfig": "privateConfig",
        "sf-mono": "sf-mono",
        "stumpwm-contrib": "stumpwm-contrib",
        "zsh-autopair": "zsh-autopair",
        "zsh-autosuggestions": "zsh-autosuggestions",
        "zsh-history-substring-search": "zsh-history-substring-search",
        "zsh-syntax-highlighting": "zsh-syntax-highlighting"
      }
    },
    "sf-mono": {
      "flake": false,
      "locked": {
        "lastModified": 1528395704,
        "narHash": "sha256-3wG3M4Qep7MYjktzX9u8d0iDWa17FSXYnObSoTG2I/o=",
        "owner": "supercomputra",
        "repo": "sf-mono-font",
        "rev": "1409ae79074d204c284507fef9e479248d5367c1",
        "type": "github"
      },
      "original": {
        "owner": "supercomputra",
        "repo": "sf-mono-font",
        "type": "github"
      }
    },
    "stumpwm-contrib": {
      "flake": false,
      "locked": {
        "lastModified": 1680658566,
        "narHash": "sha256-oW01W3ICwFdnDtO6y4aWXDIthw9iWU+lntNGcS80TXU=",
        "owner": "stumpwm",
        "repo": "stumpwm-contrib",
        "rev": "36daccd715e1cc6c1badab7cd87e34a8514f3b6b",
        "type": "github"
      },
      "original": {
        "owner": "stumpwm",
        "repo": "stumpwm-contrib",
        "type": "github"
      }
    },
    "zsh-autopair": {
      "flake": false,
      "locked": {
        "lastModified": 1664801964,
        "narHash": "sha256-PXHxPxFeoYXYMOC29YQKDdMnqTO0toyA7eJTSCV6PGE=",
        "owner": "hlissner",
        "repo": "zsh-autopair",
        "rev": "396c38a7468458ba29011f2ad4112e4fd35f78e6",
        "type": "github"
      },
      "original": {
        "owner": "hlissner",
        "repo": "zsh-autopair",
        "type": "github"
      }
    },
    "zsh-autosuggestions": {
      "flake": false,
      "locked": {
        "lastModified": 1622844304,
        "narHash": "sha256-KLUYpUu4DHRumQZ3w59m9aTW6TBKMCXl2UcKi4uMd7w=",
        "owner": "zsh-users",
        "repo": "zsh-autosuggestions",
        "rev": "a411ef3e0992d4839f0732ebeb9823024afaaaa8",
        "type": "github"
      },
      "original": {
        "owner": "zsh-users",
        "repo": "zsh-autosuggestions",
        "type": "github"
      }
    },
    "zsh-history-substring-search": {
      "flake": false,
      "locked": {
        "lastModified": 1672773944,
        "narHash": "sha256-GSEvgvgWi1rrsgikTzDXokHTROoyPRlU0FVpAoEmXG4=",
        "owner": "zsh-users",
        "repo": "zsh-history-substring-search",
        "rev": "400e58a87f72ecec14f783fbd29bc6be4ff1641c",
        "type": "github"
      },
      "original": {
        "owner": "zsh-users",
        "repo": "zsh-history-substring-search",
        "type": "github"
      }
    },
    "zsh-syntax-highlighting": {
      "flake": false,
      "locked": {
        "lastModified": 1675586974,
        "narHash": "sha256-kWgPe7QJljERzcv4bYbHteNJIxCehaTu4xU9r64gUM4=",
        "owner": "zsh-users",
        "repo": "zsh-syntax-highlighting",
        "rev": "754cefe0181a7acd42fdcb357a67d0217291ac47",
        "type": "github"
      },
      "original": {
        "owner": "zsh-users",
        "repo": "zsh-syntax-highlighting",
        "type": "github"
      }
    }
  },
  "root": "root",
  "version": 7
}
