{
  "nodes": {
    "crawl": {
      "flake": false,
      "locked": {
        "lastModified": 1680409839,
        "narHash": "sha256-L6tSkEXuRP/7Fz4OtNF20CwOp43iDAuSeIObEuCgB7M=",
        "owner": "crawl",
        "repo": "crawl",
        "rev": "0d87f670dbd5a222a618681399323ecc0c3751f3",
        "type": "github"
      },
      "original": {
        "owner": "crawl",
        "repo": "crawl",
        "type": "github"
      }
    },
    "crawlrc": {
      "flake": false,
      "locked": {
        "lastModified": 1651342378,
        "narHash": "sha256-pmq0MoS23SwBS/nvm5NKbBw7vsBzuQ/TQh8trptFxJI=",
        "owner": "kenranunderscore",
        "repo": "crawlrc",
        "rev": "7742aba7b48aad1bc60ea89596c983d608351ad2",
        "type": "github"
      },
      "original": {
        "owner": "kenranunderscore",
        "repo": "crawlrc",
        "type": "github"
      }
    },
    "emacs-overlay": {
      "inputs": {
        "flake-utils": "flake-utils",
        "nixpkgs": [
          "nixpkgs"
        ]
      },
      "locked": {
        "lastModified": 1680489716,
        "narHash": "sha256-OouDZADudEFQSaN1nGXOlIxnjhSYF9dJVePmkV2KLCs=",
        "owner": "nix-community",
        "repo": "emacs-overlay",
        "rev": "48c24461051f108c4dfdf4cdac54e6c5e3f479c3",
        "type": "github"
      },
      "original": {
        "owner": "nix-community",
        "repo": "emacs-overlay",
        "type": "github"
      }
    },
    "flake-compat": {
      "flake": false,
      "locked": {
        "lastModified": 1673956053,
        "narHash": "sha256-4gtG9iQuiKITOjNQQeQIpoIB6b16fm+504Ch3sNKLd8=",
        "owner": "edolstra",
        "repo": "flake-compat",
        "rev": "35bb57c0c8d8b62bbfd284272c928ceb64ddbde9",
        "type": "github"
      },
      "original": {
        "owner": "edolstra",
        "repo": "flake-compat",
        "type": "github"
      }
    },
    "flake-utils": {
      "locked": {
        "lastModified": 1667395993,
        "narHash": "sha256-nuEHfE/LcWyuSWnS8t12N1wc105Qtau+/OdUAjtQ0rA=",
        "owner": "numtide",
        "repo": "flake-utils",
        "rev": "5aed5285a952e0b949eb3ba02c12fa4fcfef535f",
        "type": "github"
      },
      "original": {
        "owner": "numtide",
        "repo": "flake-utils",
        "type": "github"
      }
    },
    "flake-utils_2": {
      "locked": {
        "lastModified": 1667395993,
        "narHash": "sha256-nuEHfE/LcWyuSWnS8t12N1wc105Qtau+/OdUAjtQ0rA=",
        "owner": "numtide",
        "repo": "flake-utils",
        "rev": "5aed5285a952e0b949eb3ba02c12fa4fcfef535f",
        "type": "github"
      },
      "original": {
        "owner": "numtide",
        "repo": "flake-utils",
        "type": "github"
      }
    },
    "home-manager": {
      "inputs": {
        "nixpkgs": [
          "nixpkgs"
        ],
        "utils": "utils"
      },
      "locked": {
        "lastModified": 1680389554,
        "narHash": "sha256-+8FUmS4GbDMynQErZGXKg+wU76rq6mI5fprxFXFWKSM=",
        "owner": "nix-community",
        "repo": "home-manager",
        "rev": "ddd8866c0306c48f465e7f48432e6f1ecd1da7f8",
        "type": "github"
      },
      "original": {
        "owner": "nix-community",
        "repo": "home-manager",
        "type": "github"
      }
    },
    "neovim-flake": {
      "inputs": {
        "flake-utils": "flake-utils_2",
        "nixpkgs": [
          "neovim-overlay",
          "nixpkgs"
        ]
      },
      "locked": {
        "dir": "contrib",
        "lastModified": 1680423102,
        "narHash": "sha256-REkF7d/1p0Emp70/UQLiU7JV8XCDWt3xlxPFKcViRi8=",
        "owner": "neovim",
        "repo": "neovim",
        "rev": "d510bfbc8e447b1a60d5ec7faaa8f440eb4ef56f",
        "type": "github"
      },
      "original": {
        "dir": "contrib",
        "owner": "neovim",
        "repo": "neovim",
        "type": "github"
      }
    },
    "neovim-overlay": {
      "inputs": {
        "flake-compat": "flake-compat",
        "neovim-flake": "neovim-flake",
        "nixpkgs": [
          "nixpkgs"
        ]
      },
      "locked": {
        "lastModified": 1680423147,
        "narHash": "sha256-cfhsn9z3sqRRVBZgeaDoIAR3Q7YgK76Xd+yrFvinik0=",
        "owner": "nix-community",
        "repo": "neovim-nightly-overlay",
        "rev": "c60e74e86fc8c28606bf86d63c080fa8796460fa",
        "type": "github"
      },
      "original": {
        "owner": "nix-community",
        "repo": "neovim-nightly-overlay",
        "type": "github"
      }
    },
    "nixpkgs": {
      "locked": {
        "lastModified": 1680213900,
        "narHash": "sha256-cIDr5WZIj3EkKyCgj/6j3HBH4Jj1W296z7HTcWj1aMA=",
        "owner": "nixos",
        "repo": "nixpkgs",
        "rev": "e3652e0735fbec227f342712f180f4f21f0594f2",
        "type": "github"
      },
      "original": {
        "owner": "nixos",
        "ref": "nixos-unstable",
        "repo": "nixpkgs",
        "type": "github"
      }
    },
    "privateConfig": {
      "flake": false,
      "locked": {
        "lastModified": 1664188739,
        "narHash": "sha256-eUb0ZB4BozAz4MA7bamEtFl2o+MptXDUKuEcmVOPHW0=",
        "ref": "refs/heads/master",
        "rev": "c36e6c6b774610a3b56e1d838c44b219d0b923f1",
        "revCount": 12,
        "type": "git",
        "url": "ssh://git@github.com/kenranunderscore/private-config"
      },
      "original": {
        "type": "git",
        "url": "ssh://git@github.com/kenranunderscore/private-config"
      }
    },
    "root": {
      "inputs": {
        "crawl": "crawl",
        "crawlrc": "crawlrc",
        "emacs-overlay": "emacs-overlay",
        "home-manager": "home-manager",
        "neovim-overlay": "neovim-overlay",
        "nixpkgs": "nixpkgs",
        "privateConfig": "privateConfig",
        "sf-mono": "sf-mono",
        "stumpwm-contrib": "stumpwm-contrib",
        "zsh-autopair": "zsh-autopair",
        "zsh-autosuggestions": "zsh-autosuggestions",
        "zsh-history-substring-search": "zsh-history-substring-search",
        "zsh-syntax-highlighting": "zsh-syntax-highlighting"
      }
    },
    "sf-mono": {
      "flake": false,
      "locked": {
        "lastModified": 1528395704,
        "narHash": "sha256-3wG3M4Qep7MYjktzX9u8d0iDWa17FSXYnObSoTG2I/o=",
        "owner": "supercomputra",
        "repo": "sf-mono-font",
        "rev": "1409ae79074d204c284507fef9e479248d5367c1",
        "type": "github"
      },
      "original": {
        "owner": "supercomputra",
        "repo": "sf-mono-font",
        "type": "github"
      }
    },
    "stumpwm-contrib": {
      "flake": false,
      "locked": {
        "lastModified": 1680294301,
        "narHash": "sha256-ZXg9qqnpZJleut0jKJxdnDw1GVI1bOM+xXVl1V8zi1U=",
        "owner": "stumpwm",
        "repo": "stumpwm-contrib",
        "rev": "f5af33375ae1dbb699cd6c7d02c1af38020a5269",
        "type": "github"
      },
      "original": {
        "owner": "stumpwm",
        "repo": "stumpwm-contrib",
        "type": "github"
      }
    },
    "utils": {
      "locked": {
        "lastModified": 1676283394,
        "narHash": "sha256-XX2f9c3iySLCw54rJ/CZs+ZK6IQy7GXNY4nSOyu2QG4=",
        "owner": "numtide",
        "repo": "flake-utils",
        "rev": "3db36a8b464d0c4532ba1c7dda728f4576d6d073",
        "type": "github"
      },
      "original": {
        "owner": "numtide",
        "repo": "flake-utils",
        "type": "github"
      }
    },
    "zsh-autopair": {
      "flake": false,
      "locked": {
        "lastModified": 1664801964,
        "narHash": "sha256-PXHxPxFeoYXYMOC29YQKDdMnqTO0toyA7eJTSCV6PGE=",
        "owner": "hlissner",
        "repo": "zsh-autopair",
        "rev": "396c38a7468458ba29011f2ad4112e4fd35f78e6",
        "type": "github"
      },
      "original": {
        "owner": "hlissner",
        "repo": "zsh-autopair",
        "type": "github"
      }
    },
    "zsh-autosuggestions": {
      "flake": false,
      "locked": {
        "lastModified": 1622844304,
        "narHash": "sha256-KLUYpUu4DHRumQZ3w59m9aTW6TBKMCXl2UcKi4uMd7w=",
        "owner": "zsh-users",
        "repo": "zsh-autosuggestions",
        "rev": "a411ef3e0992d4839f0732ebeb9823024afaaaa8",
        "type": "github"
      },
      "original": {
        "owner": "zsh-users",
        "repo": "zsh-autosuggestions",
        "type": "github"
      }
    },
    "zsh-history-substring-search": {
      "flake": false,
      "locked": {
        "lastModified": 1672773944,
        "narHash": "sha256-GSEvgvgWi1rrsgikTzDXokHTROoyPRlU0FVpAoEmXG4=",
        "owner": "zsh-users",
        "repo": "zsh-history-substring-search",
        "rev": "400e58a87f72ecec14f783fbd29bc6be4ff1641c",
        "type": "github"
      },
      "original": {
        "owner": "zsh-users",
        "repo": "zsh-history-substring-search",
        "type": "github"
      }
    },
    "zsh-syntax-highlighting": {
      "flake": false,
      "locked": {
        "lastModified": 1675586974,
        "narHash": "sha256-kWgPe7QJljERzcv4bYbHteNJIxCehaTu4xU9r64gUM4=",
        "owner": "zsh-users",
        "repo": "zsh-syntax-highlighting",
        "rev": "754cefe0181a7acd42fdcb357a67d0217291ac47",
        "type": "github"
      },
      "original": {
        "owner": "zsh-users",
        "repo": "zsh-syntax-highlighting",
        "type": "github"
      }
    }
  },
  "root": "root",
  "version": 7
}
