{"editorconfig-vim": {"commit": "30ddc05"}, "cmp-nvim-lsp": {"commit": "5922477"}, "cmp_luasnip": {"commit": "1809552"}, "leap.nvim": {"commit": "a968ab4"}, "vim-unimpaired": {"commit": "6d44a6d"}, "nvim-moonwalk": {"commit": "86a59f1"}, "nvim-lspconfig": {"commit": "41dc4e0"}, "packer.nvim": {"commit": "dac4088"}, "plenary.nvim": {"commit": "9d81624"}, "dhall-vim": {"commit": "68500ef"}, "luasnip": {"commit": "5570fd7"}, "telescope-fzf-native.nvim": {"commit": "fab3e22"}, "vim-fugitive": {"commit": "99cdb88"}, "lspkind.nvim": {"commit": "c68b3a0"}, "comment.nvim": {"commit": "e89df17"}, "gitsigns.nvim": {"commit": "d4f8c01"}, "nvim-surround": {"commit": "ad56e62"}, "indent-blankline.nvim": {"commit": "c4c203c"}, "nvim-web-devicons": {"commit": "7f55bc3"}, "vim-repeat": {"commit": "24afe92"}, "nvim-cmp": {"commit": "11a9579"}, "nvim-treesitter": {"commit": "5b8a152c"}, "vim-vinegar": {"commit": "bb1bcdd"}, "conjure": {"commit": "d2e69a13"}, "telescope.nvim": {"commit": "04af51d"}, "nvim-parinfer": {"commit": "82bce57"}, "impatient.nvim": {"commit": "c90e273"}, "telescope-ui-select.nvim": {"commit": "62ea5e5"}, "lualine.nvim": {"commit": "d8c392d"}, "tokyodark.nvim": {"commit": "9e940a1"}, "vim-eunuch": {"commit": "291ef1f"}, "cmp-path": {"commit": "91ff86c"}, "cmp-buffer": {"commit": "3022dbc"}}
